// !$*UTF8*$!
{
	archiveVersion = 1;
	classes = {
	};
	objectVersion = 77;
	objects = {

/* Begin PBXBuildFile section */
		C8762F4C2D8DF5B5009A004B /* FirebaseAnalytics in Frameworks */ = {isa = PBXBuildFile; productRef = C8762F4B2D8DF5B5009A004B /* FirebaseAnalytics */; };
		C8762F522D8DF5B5009A004B /* FirebaseAppCheck in Frameworks */ = {isa = PBXBuildFile; productRef = C8762F512D8DF5B5009A004B /* FirebaseAppCheck */; };
		C8762F562D8DF5B5009A004B /* FirebaseAuth in Frameworks */ = {isa = PBXBuildFile; productRef = C8762F552D8DF5B5009A004B /* FirebaseAuth */; };
		C8762F582D8DF5B5009A004B /* FirebaseAuthCombine-Community in Frameworks */ = {isa = PBXBuildFile; productRef = C8762F572D8DF5B5009A004B /* FirebaseAuthCombine-Community */; };
		C8762F5A2D8DF5B5009A004B /* FirebaseCore in Frameworks */ = {isa = PBXBuildFile; productRef = C8762F592D8DF5B5009A004B /* FirebaseCore */; };
		C8762F5C2D8DF5B5009A004B /* FirebaseCrashlytics in Frameworks */ = {isa = PBXBuildFile; productRef = C8762F5B2D8DF5B5009A004B /* FirebaseCrashlytics */; };
		C8762F5E2D8DF5B5009A004B /* FirebaseDatabase in Frameworks */ = {isa = PBXBuildFile; productRef = C8762F5D2D8DF5B5009A004B /* FirebaseDatabase */; };
		C8762F602D8DF5B5009A004B /* FirebaseDynamicLinks in Frameworks */ = {isa = PBXBuildFile; productRef = C8762F5F2D8DF5B5009A004B /* FirebaseDynamicLinks */; };
		C8762F622D8DF5B5009A004B /* FirebaseFirestore in Frameworks */ = {isa = PBXBuildFile; productRef = C8762F612D8DF5B5009A004B /* FirebaseFirestore */; };
		C8762F642D8DF5B5009A004B /* FirebaseFirestoreCombine-Community in Frameworks */ = {isa = PBXBuildFile; productRef = C8762F632D8DF5B5009A004B /* FirebaseFirestoreCombine-Community */; };
		C8762F662D8DF5B5009A004B /* FirebaseFunctions in Frameworks */ = {isa = PBXBuildFile; productRef = C8762F652D8DF5B5009A004B /* FirebaseFunctions */; };
		C8762F682D8DF5B5009A004B /* FirebaseFunctionsCombine-Community in Frameworks */ = {isa = PBXBuildFile; productRef = C8762F672D8DF5B5009A004B /* FirebaseFunctionsCombine-Community */; };
		C8762F6C2D8DF5B5009A004B /* FirebaseInstallations in Frameworks */ = {isa = PBXBuildFile; productRef = C8762F6B2D8DF5B5009A004B /* FirebaseInstallations */; };
		C8762F722D8DF5B5009A004B /* FirebasePerformance in Frameworks */ = {isa = PBXBuildFile; productRef = C8762F712D8DF5B5009A004B /* FirebasePerformance */; };
		C8762F742D8DF5B5009A004B /* FirebaseRemoteConfig in Frameworks */ = {isa = PBXBuildFile; productRef = C8762F732D8DF5B5009A004B /* FirebaseRemoteConfig */; };
		C8762F762D8DF5B5009A004B /* FirebaseStorage in Frameworks */ = {isa = PBXBuildFile; productRef = C8762F752D8DF5B5009A004B /* FirebaseStorage */; };
		C8762F782D8DF5B5009A004B /* FirebaseStorageCombine-Community in Frameworks */ = {isa = PBXBuildFile; productRef = C8762F772D8DF5B5009A004B /* FirebaseStorageCombine-Community */; };
/* End PBXBuildFile section */

/* Begin PBXContainerItemProxy section */
		C86B02EC2D81E0F900896171 /* PBXContainerItemProxy */ = {
			isa = PBXContainerItemProxy;
			containerPortal = C86B02D32D81E0F700896171 /* Project object */;
			proxyType = 1;
			remoteGlobalIDString = C86B02DA2D81E0F700896171;
			remoteInfo = SwiftAidAI;
		};
		C86B02F62D81E0F900896171 /* PBXContainerItemProxy */ = {
			isa = PBXContainerItemProxy;
			containerPortal = C86B02D32D81E0F700896171 /* Project object */;
			proxyType = 1;
			remoteGlobalIDString = C86B02DA2D81E0F700896171;
			remoteInfo = SwiftAidAI;
		};
/* End PBXContainerItemProxy section */

/* Begin PBXFileReference section */
		C86B02DB2D81E0F700896171 /* SwiftAidAI.app */ = {isa = PBXFileReference; explicitFileType = wrapper.application; includeInIndex = 0; path = SwiftAidAI.app; sourceTree = BUILT_PRODUCTS_DIR; };
		C86B02EB2D81E0F900896171 /* SwiftAidAITests.xctest */ = {isa = PBXFileReference; explicitFileType = wrapper.cfbundle; includeInIndex = 0; path = SwiftAidAITests.xctest; sourceTree = BUILT_PRODUCTS_DIR; };
		C86B02F52D81E0F900896171 /* SwiftAidAIUITests.xctest */ = {isa = PBXFileReference; explicitFileType = wrapper.cfbundle; includeInIndex = 0; path = SwiftAidAIUITests.xctest; sourceTree = BUILT_PRODUCTS_DIR; };
/* End PBXFileReference section */

/* Begin PBXFileSystemSynchronizedBuildFileExceptionSet section */
		C8FEBA642DB1661300A30718 /* Exceptions for "SwiftAidAI" folder in "SwiftAidAI" target */ = {
			isa = PBXFileSystemSynchronizedBuildFileExceptionSet;
			membershipExceptions = (
				Info.plist,
			);
			target = C86B02DA2D81E0F700896171 /* SwiftAidAI */;
		};
/* End PBXFileSystemSynchronizedBuildFileExceptionSet section */

/* Begin PBXFileSystemSynchronizedRootGroup section */
		C86B02DD2D81E0F700896171 /* SwiftAidAI */ = {
			isa = PBXFileSystemSynchronizedRootGroup;
			exceptions = (
				C8FEBA642DB1661300A30718 /* Exceptions for "SwiftAidAI" folder in "SwiftAidAI" target */,
			);
			path = SwiftAidAI;
			sourceTree = "<group>";
		};
/* End PBXFileSystemSynchronizedRootGroup section */

/* Begin PBXFrameworksBuildPhase section */
		C86B02D82D81E0F700896171 /* Frameworks */ = {
			isa = PBXFrameworksBuildPhase;
			buildActionMask = 2147483647;
			files = (
				C8762F642D8DF5B5009A004B /* FirebaseFirestoreCombine-Community in Frameworks */,
				C8762F662D8DF5B5009A004B /* FirebaseFunctions in Frameworks */,
				C8762F722D8DF5B5009A004B /* FirebasePerformance in Frameworks */,
				C8762F782D8DF5B5009A004B /* FirebaseStorageCombine-Community in Frameworks */,
				C8762F742D8DF5B5009A004B /* FirebaseRemoteConfig in Frameworks */,
				C8762F5E2D8DF5B5009A004B /* FirebaseDatabase in Frameworks */,
				C8762F602D8DF5B5009A004B /* FirebaseDynamicLinks in Frameworks */,
				C8762F522D8DF5B5009A004B /* FirebaseAppCheck in Frameworks */,
				C8762F562D8DF5B5009A004B /* FirebaseAuth in Frameworks */,
				C8762F4C2D8DF5B5009A004B /* FirebaseAnalytics in Frameworks */,
				C8762F622D8DF5B5009A004B /* FirebaseFirestore in Frameworks */,
				C8762F6C2D8DF5B5009A004B /* FirebaseInstallations in Frameworks */,
				C8762F682D8DF5B5009A004B /* FirebaseFunctionsCombine-Community in Frameworks */,
				C8762F582D8DF5B5009A004B /* FirebaseAuthCombine-Community in Frameworks */,
				C8762F5C2D8DF5B5009A004B /* FirebaseCrashlytics in Frameworks */,
				C8762F762D8DF5B5009A004B /* FirebaseStorage in Frameworks */,
				C8762F5A2D8DF5B5009A004B /* FirebaseCore in Frameworks */,
			);
			runOnlyForDeploymentPostprocessing = 0;
		};
		C86B02E82D81E0F900896171 /* Frameworks */ = {
			isa = PBXFrameworksBuildPhase;
			buildActionMask = 2147483647;
			files = (
			);
			runOnlyForDeploymentPostprocessing = 0;
		};
		C86B02F22D81E0F900896171 /* Frameworks */ = {
			isa = PBXFrameworksBuildPhase;
			buildActionMask = 2147483647;
			files = (
			);
			runOnlyForDeploymentPostprocessing = 0;
		};
/* End PBXFrameworksBuildPhase section */

/* Begin PBXGroup section */
		C86B02D22D81E0F700896171 = {
			isa = PBXGroup;
			children = (
				C86B02DD2D81E0F700896171 /* SwiftAidAI */,
				C86B02DC2D81E0F700896171 /* Products */,
			);
			sourceTree = "<group>";
		};
		C86B02DC2D81E0F700896171 /* Products */ = {
			isa = PBXGroup;
			children = (
				C86B02DB2D81E0F700896171 /* SwiftAidAI.app */,
				C86B02EB2D81E0F900896171 /* SwiftAidAITests.xctest */,
				C86B02F52D81E0F900896171 /* SwiftAidAIUITests.xctest */,
			);
			name = Products;
			sourceTree = "<group>";
		};
/* End PBXGroup section */

/* Begin PBXNativeTarget section */
		C86B02DA2D81E0F700896171 /* SwiftAidAI */ = {
			isa = PBXNativeTarget;
			buildConfigurationList = C86B02FF2D81E0F900896171 /* Build configuration list for PBXNativeTarget "SwiftAidAI" */;
			buildPhases = (
				C86B02D72D81E0F700896171 /* Sources */,
				C86B02D82D81E0F700896171 /* Frameworks */,
				C86B02D92D81E0F700896171 /* Resources */,
			);
			buildRules = (
			);
			dependencies = (
			);
			fileSystemSynchronizedGroups = (
				C86B02DD2D81E0F700896171 /* SwiftAidAI */,
			);
			name = SwiftAidAI;
			packageProductDependencies = (
				C8762F4B2D8DF5B5009A004B /* FirebaseAnalytics */,
				C8762F512D8DF5B5009A004B /* FirebaseAppCheck */,
				C8762F552D8DF5B5009A004B /* FirebaseAuth */,
				C8762F572D8DF5B5009A004B /* FirebaseAuthCombine-Community */,
				C8762F592D8DF5B5009A004B /* FirebaseCore */,
				C8762F5B2D8DF5B5009A004B /* FirebaseCrashlytics */,
				C8762F5D2D8DF5B5009A004B /* FirebaseDatabase */,
				C8762F5F2D8DF5B5009A004B /* FirebaseDynamicLinks */,
				C8762F612D8DF5B5009A004B /* FirebaseFirestore */,
				C8762F632D8DF5B5009A004B /* FirebaseFirestoreCombine-Community */,
				C8762F652D8DF5B5009A004B /* FirebaseFunctions */,
				C8762F672D8DF5B5009A004B /* FirebaseFunctionsCombine-Community */,
				C8762F6B2D8DF5B5009A004B /* FirebaseInstallations */,
				C8762F712D8DF5B5009A004B /* FirebasePerformance */,
				C8762F732D8DF5B5009A004B /* FirebaseRemoteConfig */,
				C8762F752D8DF5B5009A004B /* FirebaseStorage */,
				C8762F772D8DF5B5009A004B /* FirebaseStorageCombine-Community */,
			);
			productName = SwiftAidAI;
			productReference = C86B02DB2D81E0F700896171 /* SwiftAidAI.app */;
			productType = "com.apple.product-type.application";
		};
		C86B02EA2D81E0F900896171 /* SwiftAidAITests */ = {
			isa = PBXNativeTarget;
			buildConfigurationList = C86B03022D81E0F900896171 /* Build configuration list for PBXNativeTarget "SwiftAidAITests" */;
			buildPhases = (
				C86B02E72D81E0F900896171 /* Sources */,
				C86B02E82D81E0F900896171 /* Frameworks */,
				C86B02E92D81E0F900896171 /* Resources */,
			);
			buildRules = (
			);
			dependencies = (
				C86B02ED2D81E0F900896171 /* PBXTargetDependency */,
			);
			name = SwiftAidAITests;
			packageProductDependencies = (
			);
			productName = SwiftAidAITests;
			productReference = C86B02EB2D81E0F900896171 /* SwiftAidAITests.xctest */;
			productType = "com.apple.product-type.bundle.unit-test";
		};
		C86B02F42D81E0F900896171 /* SwiftAidAIUITests */ = {
			isa = PBXNativeTarget;
			buildConfigurationList = C86B03052D81E0F900896171 /* Build configuration list for PBXNativeTarget "SwiftAidAIUITests" */;
			buildPhases = (
				C86B02F12D81E0F900896171 /* Sources */,
				C86B02F22D81E0F900896171 /* Frameworks */,
				C86B02F32D81E0F900896171 /* Resources */,
			);
			buildRules = (
			);
			dependencies = (
				C86B02F72D81E0F900896171 /* PBXTargetDependency */,
			);
			name = SwiftAidAIUITests;
			packageProductDependencies = (
			);
			productName = SwiftAidAIUITests;
			productReference = C86B02F52D81E0F900896171 /* SwiftAidAIUITests.xctest */;
			productType = "com.apple.product-type.bundle.ui-testing";
		};
/* End PBXNativeTarget section */

/* Begin PBXProject section */
		C86B02D32D81E0F700896171 /* Project object */ = {
			isa = PBXProject;
			attributes = {
				BuildIndependentTargetsInParallel = 1;
				LastSwiftUpdateCheck = 1620;
				LastUpgradeCheck = 1620;
				TargetAttributes = {
					C86B02DA2D81E0F700896171 = {
						CreatedOnToolsVersion = 16.2;
					};
					C86B02EA2D81E0F900896171 = {
						CreatedOnToolsVersion = 16.2;
						TestTargetID = C86B02DA2D81E0F700896171;
					};
					C86B02F42D81E0F900896171 = {
						CreatedOnToolsVersion = 16.2;
						TestTargetID = C86B02DA2D81E0F700896171;
					};
				};
			};
			buildConfigurationList = C86B02D62D81E0F700896171 /* Build configuration list for PBXProject "SwiftAidAI" */;
			developmentRegion = en;
			hasScannedForEncodings = 0;
			knownRegions = (
				en,
				Base,
			);
			mainGroup = C86B02D22D81E0F700896171;
			minimizedProjectReferenceProxies = 1;
			packageReferences = (
				C8762F4A2D8DF572009A004B /* XCRemoteSwiftPackageReference "firebase-ios-sdk" */,
			);
			preferredProjectObjectVersion = 77;
			productRefGroup = C86B02DC2D81E0F700896171 /* Products */;
			projectDirPath = "";
			projectRoot = "";
			targets = (
				C86B02DA2D81E0F700896171 /* SwiftAidAI */,
				C86B02EA2D81E0F900896171 /* SwiftAidAITests */,
				C86B02F42D81E0F900896171 /* SwiftAidAIUITests */,
			);
		};
/* End PBXProject section */

/* Begin PBXResourcesBuildPhase section */
		C86B02D92D81E0F700896171 /* Resources */ = {
			isa = PBXResourcesBuildPhase;
			buildActionMask = 2147483647;
			files = (
			);
			runOnlyForDeploymentPostprocessing = 0;
		};
		C86B02E92D81E0F900896171 /* Resources */ = {
			isa = PBXResourcesBuildPhase;
			buildActionMask = 2147483647;
			files = (
			);
			runOnlyForDeploymentPostprocessing = 0;
		};
		C86B02F32D81E0F900896171 /* Resources */ = {
			isa = PBXResourcesBuildPhase;
			buildActionMask = 2147483647;
			files = (
			);
			runOnlyForDeploymentPostprocessing = 0;
		};
/* End PBXResourcesBuildPhase section */

/* Begin PBXSourcesBuildPhase section */
		C86B02D72D81E0F700896171 /* Sources */ = {
			isa = PBXSourcesBuildPhase;
			buildActionMask = 2147483647;
			files = (
			);
			runOnlyForDeploymentPostprocessing = 0;
		};
		C86B02E72D81E0F900896171 /* Sources */ = {
			isa = PBXSourcesBuildPhase;
			buildActionMask = 2147483647;
			files = (
			);
			runOnlyForDeploymentPostprocessing = 0;
		};
		C86B02F12D81E0F900896171 /* Sources */ = {
			isa = PBXSourcesBuildPhase;
			buildActionMask = 2147483647;
			files = (
			);
			runOnlyForDeploymentPostprocessing = 0;
		};
/* End PBXSourcesBuildPhase section */

/* Begin PBXTargetDependency section */
		C86B02ED2D81E0F900896171 /* PBXTargetDependency */ = {
			isa = PBXTargetDependency;
			target = C86B02DA2D81E0F700896171 /* SwiftAidAI */;
			targetProxy = C86B02EC2D81E0F900896171 /* PBXContainerItemProxy */;
		};
		C86B02F72D81E0F900896171 /* PBXTargetDependency */ = {
			isa = PBXTargetDependency;
			target = C86B02DA2D81E0F700896171 /* SwiftAidAI */;
			targetProxy = C86B02F62D81E0F900896171 /* PBXContainerItemProxy */;
		};
/* End PBXTargetDependency section */

/* Begin XCBuildConfiguration section */
		C86B02FD2D81E0F900896171 /* Debug */ = {
			isa = XCBuildConfiguration;
			buildSettings = {
				ALWAYS_SEARCH_USER_PATHS = NO;
				ASSETCATALOG_COMPILER_GENERATE_SWIFT_ASSET_SYMBOL_EXTENSIONS = YES;
				CLANG_ANALYZER_NONNULL = YES;
				CLANG_ANALYZER_NUMBER_OBJECT_CONVERSION = YES_AGGRESSIVE;
				CLANG_CXX_LANGUAGE_STANDARD = "gnu++20";
				CLANG_ENABLE_MODULES = YES;
				CLANG_ENABLE_OBJC_ARC = YES;
				CLANG_ENABLE_OBJC_WEAK = YES;
				CLANG_WARN_BLOCK_CAPTURE_AUTORELEASING = YES;
				CLANG_WARN_BOOL_CONVERSION = YES;
				CLANG_WARN_COMMA = YES;
				CLANG_WARN_CONSTANT_CONVERSION = YES;
				CLANG_WARN_DEPRECATED_OBJC_IMPLEMENTATIONS = YES;
				CLANG_WARN_DIRECT_OBJC_ISA_USAGE = YES_ERROR;
				CLANG_WARN_DOCUMENTATION_COMMENTS = YES;
				CLANG_WARN_EMPTY_BODY = YES;
				CLANG_WARN_ENUM_CONVERSION = YES;
				CLANG_WARN_INFINITE_RECURSION = YES;
				CLANG_WARN_INT_CONVERSION = YES;
				CLANG_WARN_NON_LITERAL_NULL_CONVERSION = YES;
				CLANG_WARN_OBJC_IMPLICIT_RETAIN_SELF = YES;
				CLANG_WARN_OBJC_LITERAL_CONVERSION = YES;
				CLANG_WARN_OBJC_ROOT_CLASS = YES_ERROR;
				CLANG_WARN_QUOTED_INCLUDE_IN_FRAMEWORK_HEADER = YES;
				CLANG_WARN_RANGE_LOOP_ANALYSIS = YES;
				CLANG_WARN_STRICT_PROTOTYPES = YES;
				CLANG_WARN_SUSPICIOUS_MOVE = YES;
				CLANG_WARN_UNGUARDED_AVAILABILITY = YES_AGGRESSIVE;
				CLANG_WARN_UNREACHABLE_CODE = YES;
				CLANG_WARN__DUPLICATE_METHOD_MATCH = YES;
				COPY_PHASE_STRIP = NO;
				DEBUG_INFORMATION_FORMAT = dwarf;
				ENABLE_STRICT_OBJC_MSGSEND = YES;
				ENABLE_TESTABILITY = YES;
				ENABLE_USER_SCRIPT_SANDBOXING = YES;
				GCC_C_LANGUAGE_STANDARD = gnu17;
				GCC_DYNAMIC_NO_PIC = NO;
				GCC_NO_COMMON_BLOCKS = YES;
				GCC_OPTIMIZATION_LEVEL = 0;
				GCC_PREPROCESSOR_DEFINITIONS = (
					"DEBUG=1",
					"$(inherited)",
				);
				GCC_WARN_64_TO_32_BIT_CONVERSION = YES;
				GCC_WARN_ABOUT_RETURN_TYPE = YES_ERROR;
				GCC_WARN_UNDECLARED_SELECTOR = YES;
				GCC_WARN_UNINITIALIZED_AUTOS = YES_AGGRESSIVE;
				GCC_WARN_UNUSED_FUNCTION = YES;
				GCC_WARN_UNUSED_VARIABLE = YES;
				IPHONEOS_DEPLOYMENT_TARGET = 18.2;
				LOCALIZATION_PREFERS_STRING_CATALOGS = YES;
				MTL_ENABLE_DEBUG_INFO = INCLUDE_SOURCE;
				MTL_FAST_MATH = YES;
				ONLY_ACTIVE_ARCH = YES;
				SDKROOT = iphoneos;
				SWIFT_ACTIVE_COMPILATION_CONDITIONS = "DEBUG $(inherited)";
				SWIFT_OPTIMIZATION_LEVEL = "-Onone";
			};
			name = Debug;
		};
		C86B02FE2D81E0F900896171 /* Release */ = {
			isa = XCBuildConfiguration;
			buildSettings = {
				ALWAYS_SEARCH_USER_PATHS = NO;
				ASSETCATALOG_COMPILER_GENERATE_SWIFT_ASSET_SYMBOL_EXTENSIONS = YES;
				CLANG_ANALYZER_NONNULL = YES;
				CLANG_ANALYZER_NUMBER_OBJECT_CONVERSION = YES_AGGRESSIVE;
				CLANG_CXX_LANGUAGE_STANDARD = "gnu++20";
				CLANG_ENABLE_MODULES = YES;
				CLANG_ENABLE_OBJC_ARC = YES;
				CLANG_ENABLE_OBJC_WEAK = YES;
				CLANG_WARN_BLOCK_CAPTURE_AUTORELEASING = YES;
				CLANG_WARN_BOOL_CONVERSION = YES;
				CLANG_WARN_COMMA = YES;
				CLANG_WARN_CONSTANT_CONVERSION = YES;
				CLANG_WARN_DEPRECATED_OBJC_IMPLEMENTATIONS = YES;
				CLANG_WARN_DIRECT_OBJC_ISA_USAGE = YES_ERROR;
				CLANG_WARN_DOCUMENTATION_COMMENTS = YES;
				CLANG_WARN_EMPTY_BODY = YES;
				CLANG_WARN_ENUM_CONVERSION = YES;
				CLANG_WARN_INFINITE_RECURSION = YES;
				CLANG_WARN_INT_CONVERSION = YES;
				CLANG_WARN_NON_LITERAL_NULL_CONVERSION = YES;
				CLANG_WARN_OBJC_IMPLICIT_RETAIN_SELF = YES;
				CLANG_WARN_OBJC_LITERAL_CONVERSION = YES;
				CLANG_WARN_OBJC_ROOT_CLASS = YES_ERROR;
				CLANG_WARN_QUOTED_INCLUDE_IN_FRAMEWORK_HEADER = YES;
				CLANG_WARN_RANGE_LOOP_ANALYSIS = YES;
				CLANG_WARN_STRICT_PROTOTYPES = YES;
				CLANG_WARN_SUSPICIOUS_MOVE = YES;
				CLANG_WARN_UNGUARDED_AVAILABILITY = YES_AGGRESSIVE;
				CLANG_WARN_UNREACHABLE_CODE = YES;
				CLANG_WARN__DUPLICATE_METHOD_MATCH = YES;
				COPY_PHASE_STRIP = NO;
				DEBUG_INFORMATION_FORMAT = "dwarf-with-dsym";
				ENABLE_NS_ASSERTIONS = NO;
				ENABLE_STRICT_OBJC_MSGSEND = YES;
				ENABLE_USER_SCRIPT_SANDBOXING = YES;
				GCC_C_LANGUAGE_STANDARD = gnu17;
				GCC_NO_COMMON_BLOCKS = YES;
				GCC_WARN_64_TO_32_BIT_CONVERSION = YES;
				GCC_WARN_ABOUT_RETURN_TYPE = YES_ERROR;
				GCC_WARN_UNDECLARED_SELECTOR = YES;
				GCC_WARN_UNINITIALIZED_AUTOS = YES_AGGRESSIVE;
				GCC_WARN_UNUSED_FUNCTION = YES;
				GCC_WARN_UNUSED_VARIABLE = YES;
				IPHONEOS_DEPLOYMENT_TARGET = 18.2;
				LOCALIZATION_PREFERS_STRING_CATALOGS = YES;
				MTL_ENABLE_DEBUG_INFO = NO;
				MTL_FAST_MATH = YES;
				SDKROOT = iphoneos;
				SWIFT_COMPILATION_MODE = wholemodule;
				VALIDATE_PRODUCT = YES;
			};
			name = Release;
		};
		C86B03002D81E0F900896171 /* Debug */ = {
			isa = XCBuildConfiguration;
			buildSettings = {
				ASSETCATALOG_COMPILER_APPICON_NAME = AppIcon;
				ASSETCATALOG_COMPILER_GLOBAL_ACCENT_COLOR_NAME = AccentColor;
				CODE_SIGN_STYLE = Automatic;
				CURRENT_PROJECT_VERSION = 1;
				DEVELOPMENT_ASSET_PATHS = "\"SwiftAidAI/Preview Content\"";
				DEVELOPMENT_TEAM = ZV22S43WA7;
				ENABLE_PREVIEWS = YES;
				GENERATE_INFOPLIST_FILE = YES;
				INFOPLIST_FILE = SwiftAidAI/Info.plist;
				INFOPLIST_KEY_NSLocationWhenInUseUsageDescription = "We use your location to find the nearest hospital in emergencies.";
				INFOPLIST_KEY_UIApplicationSceneManifest_Generation = YES;
				INFOPLIST_KEY_UIApplicationSupportsIndirectInputEvents = YES;
				INFOPLIST_KEY_UILaunchScreen_Generation = YES;
				INFOPLIST_KEY_UISupportedInterfaceOrientations_iPad = "UIInterfaceOrientationPortrait UIInterfaceOrientationPortraitUpsideDown UIInterfaceOrientationLandscapeLeft UIInterfaceOrientationLandscapeRight";
				INFOPLIST_KEY_UISupportedInterfaceOrientations_iPhone = "UIInterfaceOrientationPortrait UIInterfaceOrientationLandscapeLeft UIInterfaceOrientationLandscapeRight";
				LD_RUNPATH_SEARCH_PATHS = (
					"$(inherited)",
					"@executable_path/Frameworks",
				);
				MARKETING_VERSION = 1.0;
				PRODUCT_BUNDLE_IDENTIFIER = nafisah.SwiftAidAI;
				PRODUCT_NAME = "$(TARGET_NAME)";
				SWIFT_EMIT_LOC_STRINGS = YES;
				SWIFT_VERSION = 5.0;
				TARGETED_DEVICE_FAMILY = "1,2";
			};
			name = Debug;
		};
		C86B03012D81E0F900896171 /* Release */ = {
			isa = XCBuildConfiguration;
			buildSettings = {
				ASSETCATALOG_COMPILER_APPICON_NAME = AppIcon;
				ASSETCATALOG_COMPILER_GLOBAL_ACCENT_COLOR_NAME = AccentColor;
				CODE_SIGN_STYLE = Automatic;
				CURRENT_PROJECT_VERSION = 1;
				DEVELOPMENT_ASSET_PATHS = "\"SwiftAidAI/Preview Content\"";
				DEVELOPMENT_TEAM = ZV22S43WA7;
				ENABLE_PREVIEWS = YES;
				GENERATE_INFOPLIST_FILE = YES;
				INFOPLIST_FILE = SwiftAidAI/Info.plist;
				INFOPLIST_KEY_NSLocationWhenInUseUsageDescription = "We use your location to find the nearest hospital in emergencies.";
				INFOPLIST_KEY_UIApplicationSceneManifest_Generation = YES;
				INFOPLIST_KEY_UIApplicationSupportsIndirectInputEvents = YES;
				INFOPLIST_KEY_UILaunchScreen_Generation = YES;
				INFOPLIST_KEY_UISupportedInterfaceOrientations_iPad = "UIInterfaceOrientationPortrait UIInterfaceOrientationPortraitUpsideDown UIInterfaceOrientationLandscapeLeft UIInterfaceOrientationLandscapeRight";
				INFOPLIST_KEY_UISupportedInterfaceOrientations_iPhone = "UIInterfaceOrientationPortrait UIInterfaceOrientationLandscapeLeft UIInterfaceOrientationLandscapeRight";
				LD_RUNPATH_SEARCH_PATHS = (
					"$(inherited)",
					"@executable_path/Frameworks",
				);
				MARKETING_VERSION = 1.0;
				PRODUCT_BUNDLE_IDENTIFIER = nafisah.SwiftAidAI;
				PRODUCT_NAME = "$(TARGET_NAME)";
				SWIFT_EMIT_LOC_STRINGS = YES;
				SWIFT_VERSION = 5.0;
				TARGETED_DEVICE_FAMILY = "1,2";
			};
			name = Release;
		};
		C86B03032D81E0F900896171 /* Debug */ = {
			isa = XCBuildConfiguration;
			buildSettings = {
				BUNDLE_LOADER = "$(TEST_HOST)";
				CODE_SIGN_STYLE = Automatic;
				CURRENT_PROJECT_VERSION = 1;
				DEVELOPMENT_TEAM = ZV22S43WA7;
				GENERATE_INFOPLIST_FILE = YES;
				IPHONEOS_DEPLOYMENT_TARGET = 18.2;
				MARKETING_VERSION = 1.0;
				PRODUCT_BUNDLE_IDENTIFIER = nafisah.SwiftAidAITests;
				PRODUCT_NAME = "$(TARGET_NAME)";
				SWIFT_EMIT_LOC_STRINGS = NO;
				SWIFT_VERSION = 5.0;
				TARGETED_DEVICE_FAMILY = "1,2";
				TEST_HOST = "$(BUILT_PRODUCTS_DIR)/SwiftAidAI.app/$(BUNDLE_EXECUTABLE_FOLDER_PATH)/SwiftAidAI";
			};
			name = Debug;
		};
		C86B03042D81E0F900896171 /* Release */ = {
			isa = XCBuildConfiguration;
			buildSettings = {
				BUNDLE_LOADER = "$(TEST_HOST)";
				CODE_SIGN_STYLE = Automatic;
				CURRENT_PROJECT_VERSION = 1;
				DEVELOPMENT_TEAM = ZV22S43WA7;
				GENERATE_INFOPLIST_FILE = YES;
				IPHONEOS_DEPLOYMENT_TARGET = 18.2;
				MARKETING_VERSION = 1.0;
				PRODUCT_BUNDLE_IDENTIFIER = nafisah.SwiftAidAITests;
				PRODUCT_NAME = "$(TARGET_NAME)";
				SWIFT_EMIT_LOC_STRINGS = NO;
				SWIFT_VERSION = 5.0;
				TARGETED_DEVICE_FAMILY = "1,2";
				TEST_HOST = "$(BUILT_PRODUCTS_DIR)/SwiftAidAI.app/$(BUNDLE_EXECUTABLE_FOLDER_PATH)/SwiftAidAI";
			};
			name = Release;
		};
		C86B03062D81E0F900896171 /* Debug */ = {
			isa = XCBuildConfiguration;
			buildSettings = {
				CODE_SIGN_STYLE = Automatic;
				CURRENT_PROJECT_VERSION = 1;
				GENERATE_INFOPLIST_FILE = YES;
				MARKETING_VERSION = 1.0;
				PRODUCT_BUNDLE_IDENTIFIER = nafisah.SwiftAidAIUITests;
				PRODUCT_NAME = "$(TARGET_NAME)";
				SWIFT_EMIT_LOC_STRINGS = NO;
				SWIFT_VERSION = 5.0;
				TARGETED_DEVICE_FAMILY = "1,2";
				TEST_TARGET_NAME = SwiftAidAI;
			};
			name = Debug;
		};
		C86B03072D81E0F900896171 /* Release */ = {
			isa = XCBuildConfiguration;
			buildSettings = {
				CODE_SIGN_STYLE = Automatic;
				CURRENT_PROJECT_VERSION = 1;
				GENERATE_INFOPLIST_FILE = YES;
				MARKETING_VERSION = 1.0;
				PRODUCT_BUNDLE_IDENTIFIER = nafisah.SwiftAidAIUITests;
				PRODUCT_NAME = "$(TARGET_NAME)";
				SWIFT_EMIT_LOC_STRINGS = NO;
				SWIFT_VERSION = 5.0;
				TARGETED_DEVICE_FAMILY = "1,2";
				TEST_TARGET_NAME = SwiftAidAI;
			};
			name = Release;
		};
/* End XCBuildConfiguration section */

/* Begin XCConfigurationList section */
		C86B02D62D81E0F700896171 /* Build configuration list for PBXProject "SwiftAidAI" */ = {
			isa = XCConfigurationList;
			buildConfigurations = (
				C86B02FD2D81E0F900896171 /* Debug */,
				C86B02FE2D81E0F900896171 /* Release */,
			);
			defaultConfigurationIsVisible = 0;
			defaultConfigurationName = Release;
		};
		C86B02FF2D81E0F900896171 /* Build configuration list for PBXNativeTarget "SwiftAidAI" */ = {
			isa = XCConfigurationList;
			buildConfigurations = (
				C86B03002D81E0F900896171 /* Debug */,
				C86B03012D81E0F900896171 /* Release */,
			);
			defaultConfigurationIsVisible = 0;
			defaultConfigurationName = Release;
		};
		C86B03022D81E0F900896171 /* Build configuration list for PBXNativeTarget "SwiftAidAITests" */ = {
			isa = XCConfigurationList;
			buildConfigurations = (
				C86B03032D81E0F900896171 /* Debug */,
				C86B03042D81E0F900896171 /* Release */,
			);
			defaultConfigurationIsVisible = 0;
			defaultConfigurationName = Release;
		};
		C86B03052D81E0F900896171 /* Build configuration list for PBXNativeTarget "SwiftAidAIUITests" */ = {
			isa = XCConfigurationList;
			buildConfigurations = (
				C86B03062D81E0F900896171 /* Debug */,
				C86B03072D81E0F900896171 /* Release */,
			);
			defaultConfigurationIsVisible = 0;
			defaultConfigurationName = Release;
		};
/* End XCConfigurationList section */

/* Begin XCRemoteSwiftPackageReference section */
		C8762F4A2D8DF572009A004B /* XCRemoteSwiftPackageReference "firebase-ios-sdk" */ = {
			isa = XCRemoteSwiftPackageReference;
			repositoryURL = "https://github.com/firebase/firebase-ios-sdk";
			requirement = {
				kind = upToNextMajorVersion;
				minimumVersion = 11.10.0;
			};
		};
/* End XCRemoteSwiftPackageReference section */

/* Begin XCSwiftPackageProductDependency section */
		C8762F4B2D8DF5B5009A004B /* FirebaseAnalytics */ = {
			isa = XCSwiftPackageProductDependency;
			package = C8762F4A2D8DF572009A004B /* XCRemoteSwiftPackageReference "firebase-ios-sdk" */;
			productName = FirebaseAnalytics;
		};
		C8762F512D8DF5B5009A004B /* FirebaseAppCheck */ = {
			isa = XCSwiftPackageProductDependency;
			package = C8762F4A2D8DF572009A004B /* XCRemoteSwiftPackageReference "firebase-ios-sdk" */;
			productName = FirebaseAppCheck;
		};
		C8762F552D8DF5B5009A004B /* FirebaseAuth */ = {
			isa = XCSwiftPackageProductDependency;
			package = C8762F4A2D8DF572009A004B /* XCRemoteSwiftPackageReference "firebase-ios-sdk" */;
			productName = FirebaseAuth;
		};
		C8762F572D8DF5B5009A004B /* FirebaseAuthCombine-Community */ = {
			isa = XCSwiftPackageProductDependency;
			package = C8762F4A2D8DF572009A004B /* XCRemoteSwiftPackageReference "firebase-ios-sdk" */;
			productName = "FirebaseAuthCombine-Community";
		};
		C8762F592D8DF5B5009A004B /* FirebaseCore */ = {
			isa = XCSwiftPackageProductDependency;
			package = C8762F4A2D8DF572009A004B /* XCRemoteSwiftPackageReference "firebase-ios-sdk" */;
			productName = FirebaseCore;
		};
		C8762F5B2D8DF5B5009A004B /* FirebaseCrashlytics */ = {
			isa = XCSwiftPackageProductDependency;
			package = C8762F4A2D8DF572009A004B /* XCRemoteSwiftPackageReference "firebase-ios-sdk" */;
			productName = FirebaseCrashlytics;
		};
		C8762F5D2D8DF5B5009A004B /* FirebaseDatabase */ = {
			isa = XCSwiftPackageProductDependency;
			package = C8762F4A2D8DF572009A004B /* XCRemoteSwiftPackageReference "firebase-ios-sdk" */;
			productName = FirebaseDatabase;
		};
		C8762F5F2D8DF5B5009A004B /* FirebaseDynamicLinks */ = {
			isa = XCSwiftPackageProductDependency;
			package = C8762F4A2D8DF572009A004B /* XCRemoteSwiftPackageReference "firebase-ios-sdk" */;
			productName = FirebaseDynamicLinks;
		};
		C8762F612D8DF5B5009A004B /* FirebaseFirestore */ = {
			isa = XCSwiftPackageProductDependency;
			package = C8762F4A2D8DF572009A004B /* XCRemoteSwiftPackageReference "firebase-ios-sdk" */;
			productName = FirebaseFirestore;
		};
		C8762F632D8DF5B5009A004B /* FirebaseFirestoreCombine-Community */ = {
			isa = XCSwiftPackageProductDependency;
			package = C8762F4A2D8DF572009A004B /* XCRemoteSwiftPackageReference "firebase-ios-sdk" */;
			productName = "FirebaseFirestoreCombine-Community";
		};
		C8762F652D8DF5B5009A004B /* FirebaseFunctions */ = {
			isa = XCSwiftPackageProductDependency;
			package = C8762F4A2D8DF572009A004B /* XCRemoteSwiftPackageReference "firebase-ios-sdk" */;
			productName = FirebaseFunctions;
		};
		C8762F672D8DF5B5009A004B /* FirebaseFunctionsCombine-Community */ = {
			isa = XCSwiftPackageProductDependency;
			package = C8762F4A2D8DF572009A004B /* XCRemoteSwiftPackageReference "firebase-ios-sdk" */;
			productName = "FirebaseFunctionsCombine-Community";
		};
		C8762F6B2D8DF5B5009A004B /* FirebaseInstallations */ = {
			isa = XCSwiftPackageProductDependency;
			package = C8762F4A2D8DF572009A004B /* XCRemoteSwiftPackageReference "firebase-ios-sdk" */;
			productName = FirebaseInstallations;
		};
		C8762F712D8DF5B5009A004B /* FirebasePerformance */ = {
			isa = XCSwiftPackageProductDependency;
			package = C8762F4A2D8DF572009A004B /* XCRemoteSwiftPackageReference "firebase-ios-sdk" */;
			productName = FirebasePerformance;
		};
		C8762F732D8DF5B5009A004B /* FirebaseRemoteConfig */ = {
			isa = XCSwiftPackageProductDependency;
			package = C8762F4A2D8DF572009A004B /* XCRemoteSwiftPackageReference "firebase-ios-sdk" */;
			productName = FirebaseRemoteConfig;
		};
		C8762F752D8DF5B5009A004B /* FirebaseStorage */ = {
			isa = XCSwiftPackageProductDependency;
			package = C8762F4A2D8DF572009A004B /* XCRemoteSwiftPackageReference "firebase-ios-sdk" */;
			productName = FirebaseStorage;
		};
		C8762F772D8DF5B5009A004B /* FirebaseStorageCombine-Community */ = {
			isa = XCSwiftPackageProductDependency;
			package = C8762F4A2D8DF572009A004B /* XCRemoteSwiftPackageReference "firebase-ios-sdk" */;
			productName = "FirebaseStorageCombine-Community";
		};
/* End XCSwiftPackageProductDependency section */
	};
	rootObject = C86B02D32D81E0F700896171 /* Project object */;
}
